github.com/aws/aws-sdk-go v1.55.5 h1:KKUZBfBoyqy5d3swXyiC7Q76ic40rYcbqH7qjh59kzU=
github.com/aws/aws-sdk-go v1.55.5/go.mod h1:eRwEWoyTWFMVYVQzKMNHWP5/RV4xIUGMQfXQHfHkpNU=
github.com/prometheus/client_golang v1.20.5 h1:cxppBPuYhUnsO6yo/aoRol4L7q7UFfdm+bR9r+8l63Y=
github.com/prometheus/client_golang v1.20.5/go.mod h1:PIEt8X02hGcP8JWbeHyeZ53Y/jReSnHgO035n//V5WE=
k8s.io/api v0.31.4 h1:I2QNzitPVsPeLQvexMEsj945QumYraqv9m74isPDKhM=
k8s.io/api v0.31.4/go.mod h1:d+7vgXLvmcdT1BCo79VEgJxHHryww3V5np2OYTr6jdw=
k8s.io/apimachinery v0.31.4 h1:8xjE2C4CzhYVm9DGf60yohpNUh5AEBnPxCryPBECmlM=
k8s.io/apimachinery v0.31.4/go.mod h1:rsPdaZJfTfLsNJSQzNHQvYoTmxhoOEofxtOsF3rtsMo=
k8s.io/client-go v0.31.4 h1:t4QEXt4jgHIkKKlx06+W3+1JOwAFU/2OPiOo7H92eRQ=
k8s.io/client-go v0.31.4/go.mod h1:kvuMro4sFYIa8sulL5Gi5GFqUPvfH2O/dXuKstbaaeg=
k8s.io/klog/v2 v2.130.1 h1:n9Xl7H1Xvksem4KFG4PYbdQCQxqc/tTUyrgXaOhHSzk=
k8s.io/klog/v2 v2.130.1/go.mod h1:3Jpz1GvMt720eyJH1ckRHK1EDfpxISzJ7I9OYgaDtPE=
